// !$*UTF8*$!
{
	archiveVersion = 1;
	classes = {
	};
	objectVersion = 46;
	objects = {

/* Begin PBXBuildFile section */
		6549D3241DE4BE3F00869D09 /* AppDelegate.swift in Sources */ = {isa = PBXBuildFile; fileRef = 6549D3231DE4BE3F00869D09 /* AppDelegate.swift */; };
		6549D3261DE4BE3F00869D09 /* ViewController.swift in Sources */ = {isa = PBXBuildFile; fileRef = 6549D3251DE4BE3F00869D09 /* ViewController.swift */; };
		6549D3291DE4BE3F00869D09 /* Main.storyboard in Resources */ = {isa = PBXBuildFile; fileRef = 6549D3271DE4BE3F00869D09 /* Main.storyboard */; };
		6549D32B1DE4BE3F00869D09 /* Assets.xcassets in Resources */ = {isa = PBXBuildFile; fileRef = 6549D32A1DE4BE3F00869D09 /* Assets.xcassets */; };
		6549D32E1DE4BE3F00869D09 /* LaunchScreen.storyboard in Resources */ = {isa = PBXBuildFile; fileRef = 6549D32C1DE4BE3F00869D09 /* LaunchScreen.storyboard */; };
		6549D3371DE4BF3800869D09 /* DataViewController.swift in Sources */ = {isa = PBXBuildFile; fileRef = 6549D3361DE4BF3800869D09 /* DataViewController.swift */; };
		6549D3391DE4C5F000869D09 /* infoFiles in Resources */ = {isa = PBXBuildFile; fileRef = 6549D3381DE4C5F000869D09 /* infoFiles */; };
/* End PBXBuildFile section */

/* Begin PBXFileReference section */
		6549D3201DE4BE3F00869D09 /* FoodSPb.app */ = {isa = PBXFileReference; explicitFileType = wrapper.application; includeInIndex = 0; path = FoodSPb.app; sourceTree = BUILT_PRODUCTS_DIR; };
		6549D3231DE4BE3F00869D09 /* AppDelegate.swift */ = {isa = PBXFileReference; lastKnownFileType = sourcecode.swift; path = AppDelegate.swift; sourceTree = "<group>"; };
		6549D3251DE4BE3F00869D09 /* ViewController.swift */ = {isa = PBXFileReference; lastKnownFileType = sourcecode.swift; path = ViewController.swift; sourceTree = "<group>"; };
		6549D3281DE4BE3F00869D09 /* Base */ = {isa = PBXFileReference; lastKnownFileType = file.storyboard; name = Base; path = Base.lproj/Main.storyboard; sourceTree = "<group>"; };
		6549D32A1DE4BE3F00869D09 /* Assets.xcassets */ = {isa = PBXFileReference; lastKnownFileType = folder.assetcatalog; path = Assets.xcassets; sourceTree = "<group>"; };
		6549D32D1DE4BE3F00869D09 /* Base */ = {isa = PBXFileReference; lastKnownFileType = file.storyboard; name = Base; path = Base.lproj/LaunchScreen.storyboard; sourceTree = "<group>"; };
		6549D32F1DE4BE3F00869D09 /* Info.plist */ = {isa = PBXFileReference; lastKnownFileType = text.plist.xml; path = Info.plist; sourceTree = "<group>"; };
		6549D3361DE4BF3800869D09 /* DataViewController.swift */ = {isa = PBXFileReference; fileEncoding = 4; lastKnownFileType = sourcecode.swift; path = DataViewController.swift; sourceTree = "<group>"; };
		6549D3381DE4C5F000869D09 /* infoFiles */ = {isa = PBXFileReference; lastKnownFileType = folder; path = infoFiles; sourceTree = "<group>"; };
/* End PBXFileReference section */

/* Begin PBXFrameworksBuildPhase section */
		6549D31D1DE4BE3E00869D09 /* Frameworks */ = {
			isa = PBXFrameworksBuildPhase;
			buildActionMask = 2147483647;
			files = (
			);
			runOnlyForDeploymentPostprocessing = 0;
		};
/* End PBXFrameworksBuildPhase section */

/* Begin PBXGroup section */
		6549D3171DE4BE3E00869D09 = {
			isa = PBXGroup;
			children = (
				6549D3221DE4BE3F00869D09 /* FoodSPb */,
				6549D3211DE4BE3F00869D09 /* Products */,
			);
			sourceTree = "<group>";
		};
		6549D3211DE4BE3F00869D09 /* Products */ = {
			isa = PBXGroup;
			children = (
				6549D3201DE4BE3F00869D09 /* FoodSPb.app */,
			);
			name = Products;
			sourceTree = "<group>";
		};
		6549D3221DE4BE3F00869D09 /* FoodSPb */ = {
			isa = PBXGroup;
			children = (
				6549D3381DE4C5F000869D09 /* infoFiles */,
				6549D3351DE4BE4A00869D09 /* Additional */,
				6549D3251DE4BE3F00869D09 /* ViewController.swift */,
				6549D3361DE4BF3800869D09 /* DataViewController.swift */,
				6549D3271DE4BE3F00869D09 /* Main.storyboard */,
				6549D32A1DE4BE3F00869D09 /* Assets.xcassets */,
			);
			path = FoodSPb;
			sourceTree = "<group>";
		};
		6549D3351DE4BE4A00869D09 /* Additional */ = {
			isa = PBXGroup;
			children = (
				6549D3231DE4BE3F00869D09 /* AppDelegate.swift */,
				6549D32C1DE4BE3F00869D09 /* LaunchScreen.storyboard */,
				6549D32F1DE4BE3F00869D09 /* Info.plist */,
			);
			name = Additional;
			sourceTree = "<group>";
		};
/* End PBXGroup section */

/* Begin PBXNativeTarget section */
		6549D31F1DE4BE3E00869D09 /* FoodSPb */ = {
			isa = PBXNativeTarget;
			buildConfigurationList = 6549D3321DE4BE3F00869D09 /* Build configuration list for PBXNativeTarget "FoodSPb" */;
			buildPhases = (
				6549D31C1DE4BE3E00869D09 /* Sources */,
				6549D31D1DE4BE3E00869D09 /* Frameworks */,
				6549D31E1DE4BE3E00869D09 /* Resources */,
			);
			buildRules = (
			);
			dependencies = (
			);
			name = FoodSPb;
			productName = FoodSPb;
			productReference = 6549D3201DE4BE3F00869D09 /* FoodSPb.app */;
			productType = "com.apple.product-type.application";
		};
/* End PBXNativeTarget section */

/* Begin PBXProject section */
		6549D3181DE4BE3E00869D09 /* Project object */ = {
			isa = PBXProject;
			attributes = {
				LastSwiftUpdateCheck = 0800;
				LastUpgradeCheck = 0800;
				ORGANIZATIONNAME = "Yury Bandarchuk";
				TargetAttributes = {
					6549D31F1DE4BE3E00869D09 = {
						CreatedOnToolsVersion = 8.0;
						DevelopmentTeam = J78U2896ZB;
						ProvisioningStyle = Automatic;
					};
				};
			};
			buildConfigurationList = 6549D31B1DE4BE3E00869D09 /* Build configuration list for PBXProject "FoodSPb" */;
			compatibilityVersion = "Xcode 3.2";
			developmentRegion = English;
			hasScannedForEncodings = 0;
			knownRegions = (
				en,
				Base,
			);
			mainGroup = 6549D3171DE4BE3E00869D09;
			productRefGroup = 6549D3211DE4BE3F00869D09 /* Products */;
			projectDirPath = "";
			projectRoot = "";
			targets = (
				6549D31F1DE4BE3E00869D09 /* FoodSPb */,
			);
		};
/* End PBXProject section */

/* Begin PBXResourcesBuildPhase section */
		6549D31E1DE4BE3E00869D09 /* Resources */ = {
			isa = PBXResourcesBuildPhase;
			buildActionMask = 2147483647;
			files = (
				6549D3391DE4C5F000869D09 /* infoFiles in Resources */,
				6549D32E1DE4BE3F00869D09 /* LaunchScreen.storyboard in Resources */,
				6549D32B1DE4BE3F00869D09 /* Assets.xcassets in Resources */,
				6549D3291DE4BE3F00869D09 /* Main.storyboard in Resources */,
			);
			runOnlyForDeploymentPostprocessing = 0;
		};
/* End PBXResourcesBuildPhase section */

/* Begin PBXSourcesBuildPhase section */
		6549D31C1DE4BE3E00869D09 /* Sources */ = {
			isa = PBXSourcesBuildPhase;
			buildActionMask = 2147483647;
			files = (
				6549D3261DE4BE3F00869D09 /* ViewController.swift in Sources */,
				6549D3371DE4BF3800869D09 /* DataViewController.swift in Sources */,
				6549D3241DE4BE3F00869D09 /* AppDelegate.swift in Sources */,
			);
			runOnlyForDeploymentPostprocessing = 0;
		};
/* End PBXSourcesBuildPhase section */

/* Begin PBXVariantGroup section */
		6549D3271DE4BE3F00869D09 /* Main.storyboard */ = {
			isa = PBXVariantGroup;
			children = (
				6549D3281DE4BE3F00869D09 /* Base */,
			);
			name = Main.storyboard;
			sourceTree = "<group>";
		};
		6549D32C1DE4BE3F00869D09 /* LaunchScreen.storyboard */ = {
			isa = PBXVariantGroup;
			children = (
				6549D32D1DE4BE3F00869D09 /* Base */,
			);
			name = LaunchScreen.storyboard;
			sourceTree = "<group>";
		};
/* End PBXVariantGroup section */

/* Begin XCBuildConfiguration section */
		6549D3301DE4BE3F00869D09 /* Debug */ = {
			isa = XCBuildConfiguration;
			buildSettings = {
				ALWAYS_SEARCH_USER_PATHS = NO;
				CLANG_ANALYZER_NONNULL = YES;
				CLANG_CXX_LANGUAGE_STANDARD = "gnu++0x";
				CLANG_CXX_LIBRARY = "libc++";
				CLANG_ENABLE_MODULES = YES;
				CLANG_ENABLE_OBJC_ARC = YES;
				CLANG_WARN_BOOL_CONVERSION = YES;
				CLANG_WARN_CONSTANT_CONVERSION = YES;
				CLANG_WARN_DIRECT_OBJC_ISA_USAGE = YES_ERROR;
				CLANG_WARN_DOCUMENTATION_COMMENTS = YES;
				CLANG_WARN_EMPTY_BODY = YES;
				CLANG_WARN_ENUM_CONVERSION = YES;
				CLANG_WARN_INFINITE_RECURSION = YES;
				CLANG_WARN_INT_CONVERSION = YES;
				CLANG_WARN_OBJC_ROOT_CLASS = YES_ERROR;
				CLANG_WARN_SUSPICIOUS_MOVES = YES;
				CLANG_WARN_UNREACHABLE_CODE = YES;
				CLANG_WARN__DUPLICATE_METHOD_MATCH = YES;
				"CODE_SIGN_IDENTITY[sdk=iphoneos*]" = "iPhone Developer";
				COPY_PHASE_STRIP = NO;
				DEBUG_INFORMATION_FORMAT = dwarf;
				ENABLE_STRICT_OBJC_MSGSEND = YES;
				ENABLE_TESTABILITY = YES;
				GCC_C_LANGUAGE_STANDARD = gnu99;
				GCC_DYNAMIC_NO_PIC = NO;
				GCC_NO_COMMON_BLOCKS = YES;
				GCC_OPTIMIZATION_LEVEL = 0;
				GCC_PREPROCESSOR_DEFINITIONS = (
					"DEBUG=1",
					"$(inherited)",
				);
				GCC_WARN_64_TO_32_BIT_CONVERSION = YES;
				GCC_WARN_ABOUT_RETURN_TYPE = YES_ERROR;
				GCC_WARN_UNDECLARED_SELECTOR = YES;
				GCC_WARN_UNINITIALIZED_AUTOS = YES_AGGRESSIVE;
				GCC_WARN_UNUSED_FUNCTION = YES;
				GCC_WARN_UNUSED_VARIABLE = YES;
				IPHONEOS_DEPLOYMENT_TARGET = 10.0;
				MTL_ENABLE_DEBUG_INFO = YES;
				ONLY_ACTIVE_ARCH = YES;
				SDKROOT = iphoneos;
				SWIFT_ACTIVE_COMPILATION_CONDITIONS = DEBUG;
				SWIFT_OPTIMIZATION_LEVEL = "-Onone";
			};
			name = Debug;
		};
		6549D3311DE4BE3F00869D09 /* Release */ = {
			isa = XCBuildConfiguration;
			buildSettings = {
				ALWAYS_SEARCH_USER_PATHS = NO;
				CLANG_ANALYZER_NONNULL = YES;
				CLANG_CXX_LANGUAGE_STANDARD = "gnu++0x";
				CLANG_CXX_LIBRARY = "libc++";
				CLANG_ENABLE_MODULES = YES;
				CLANG_ENABLE_OBJC_ARC = YES;
				CLANG_WARN_BOOL_CONVERSION = YES;
				CLANG_WARN_CONSTANT_CONVERSION = YES;
				CLANG_WARN_DIRECT_OBJC_ISA_USAGE = YES_ERROR;
				CLANG_WARN_DOCUMENTATION_COMMENTS = YES;
				CLANG_WARN_EMPTY_BODY = YES;
				CLANG_WARN_ENUM_CONVERSION = YES;
				CLANG_WARN_INFINITE_RECURSION = YES;
				CLANG_WARN_INT_CONVERSION = YES;
				CLANG_WARN_OBJC_ROOT_CLASS = YES_ERROR;
				CLANG_WARN_SUSPICIOUS_MOVES = YES;
				CLANG_WARN_UNREACHABLE_CODE = YES;
				CLANG_WARN__DUPLICATE_METHOD_MATCH = YES;
				"CODE_SIGN_IDENTITY[sdk=iphoneos*]" = "iPhone Developer";
				COPY_PHASE_STRIP = NO;
				DEBUG_INFORMATION_FORMAT = "dwarf-with-dsym";
				ENABLE_NS_ASSERTIONS = NO;
				ENABLE_STRICT_OBJC_MSGSEND = YES;
				GCC_C_LANGUAGE_STANDARD = gnu99;
				GCC_NO_COMMON_BLOCKS = YES;
				GCC_WARN_64_TO_32_BIT_CONVERSION = YES;
				GCC_WARN_ABOUT_RETURN_TYPE = YES_ERROR;
				GCC_WARN_UNDECLARED_SELECTOR = YES;
				GCC_WARN_UNINITIALIZED_AUTOS = YES_AGGRESSIVE;
				GCC_WARN_UNUSED_FUNCTION = YES;
				GCC_WARN_UNUSED_VARIABLE = YES;
				IPHONEOS_DEPLOYMENT_TARGET = 10.0;
				MTL_ENABLE_DEBUG_INFO = NO;
				SDKROOT = iphoneos;
				SWIFT_OPTIMIZATION_LEVEL = "-Owholemodule";
				VALIDATE_PRODUCT = YES;
			};
			name = Release;
		};
		6549D3331DE4BE3F00869D09 /* Debug */ = {
			isa = XCBuildConfiguration;
			buildSettings = {
				ASSETCATALOG_COMPILER_APPICON_NAME = AppIcon;
				DEVELOPMENT_TEAM = J78U2896ZB;
				INFOPLIST_FILE = FoodSPb/Info.plist;
				LD_RUNPATH_SEARCH_PATHS = "$(inherited) @executable_path/Frameworks";
				PRODUCT_BUNDLE_IDENTIFIER = com.yury.bandarchuk.FoodSPb;
				PRODUCT_NAME = "$(TARGET_NAME)";
				SWIFT_VERSION = 3.0;
			};
			name = Debug;
		};
		6549D3341DE4BE3F00869D09 /* Release */ = {
			isa = XCBuildConfiguration;
			buildSettings = {
				ASSETCATALOG_COMPILER_APPICON_NAME = AppIcon;
				DEVELOPMENT_TEAM = J78U2896ZB;
				INFOPLIST_FILE = FoodSPb/Info.plist;
				LD_RUNPATH_SEARCH_PATHS = "$(inherited) @executable_path/Frameworks";
				PRODUCT_BUNDLE_IDENTIFIER = com.yury.bandarchuk.FoodSPb;
				PRODUCT_NAME = "$(TARGET_NAME)";
				SWIFT_VERSION = 3.0;
			};
			name = Release;
		};
/* End XCBuildConfiguration section */

/* Begin XCConfigurationList section */
		6549D31B1DE4BE3E00869D09 /* Build configuration list for PBXProject "FoodSPb" */ = {
			isa = XCConfigurationList;
			buildConfigurations = (
				6549D3301DE4BE3F00869D09 /* Debug */,
				6549D3311DE4BE3F00869D09 /* Release */,
			);
			defaultConfigurationIsVisible = 0;
			defaultConfigurationName = Release;
		};
		6549D3321DE4BE3F00869D09 /* Build configuration list for PBXNativeTarget "FoodSPb" */ = {
			isa = XCConfigurationList;
			buildConfigurations = (
				6549D3331DE4BE3F00869D09 /* Debug */,
				6549D3341DE4BE3F00869D09 /* Release */,
			);
			defaultConfigurationIsVisible = 0;
			defaultConfigurationName = Release;
		};
/* End XCConfigurationList section */
	};
	rootObject = 6549D3181DE4BE3E00869D09 /* Project object */;
}
